
Microsoft Visual Studio Solution File, Format Version 12.00
# Visual Studio Version 17
VisualStudioVersion = 17.3.32819.101
MinimumVisualStudioVersion = 10.0.40219.1
Project("{FAE04EC0-301F-11D3-BF4B-00C04F79EFBC}") = "WindowsFormsApp9", "WindowsFormsApp9\WindowsFormsApp9.csproj", "{E89219F1-2651-4721-9A7B-F66CB58EA53F}"
EndProject
Global
	GlobalSection(SolutionConfigurationPlatforms) = preSolution
		Debug|Any CPU = Debug|Any CPU
		Release|Any CPU = Release|Any CPU
	EndGlobalSection
	GlobalSection(ProjectConfigurationPlatforms) = postSolution
		{E89219F1-2651-4721-9A7B-F66CB58EA53F}.Debug|Any CPU.ActiveCfg = Debug|Any CPU
		{E89219F1-2651-4721-9A7B-F66CB58EA53F}.Debug|Any CPU.Build.0 = Debug|Any CPU
		{E89219F1-2651-4721-9A7B-F66CB58EA53F}.Release|Any CPU.ActiveCfg = Release|Any CPU
		{E89219F1-2651-4721-9A7B-F66CB58EA53F}.Release|Any CPU.Build.0 = Release|Any CPU
	EndGlobalSection
	GlobalSection(SolutionProperties) = preSolution
		HideSolutionNode = FALSE
	EndGlobalSection
	GlobalSection(ExtensibilityGlobals) = postSolution
		SolutionGuid = {4D56A4C6-57C6-46AC-A688-B048784B33E3}
	EndGlobalSection
EndGlobal
